
Microsoft Visual Studio Solution File, Format Version 12.00
# Visual Studio 15
VisualStudioVersion = 15.0.26430.6
MinimumVisualStudioVersion = 10.0.40219.1
Project("{FAE04EC0-301F-11D3-BF4B-00C04F79EFBC}") = "DevForest", "DevForest\DevForest.csproj", "{F8548C5B-7F76-4E64-93BD-AACE31770474}"
EndProject
Project("{FAE04EC0-301F-11D3-BF4B-00C04F79EFBC}") = "DeveloperForest.BLL", "DeveloperForest.BLL\DeveloperForest.BLL.csproj", "{A8D6AB44-47B3-4F6F-8AE0-9264DEFDB774}"
EndProject
Project("{FAE04EC0-301F-11D3-BF4B-00C04F79EFBC}") = "DeveloperForest.IDAL", "DeveloperForest.IDAL\DeveloperForest.IDAL.csproj", "{322D337F-AEC0-4C00-BC05-8FCA6A7AB69B}"
EndProject
Project("{FAE04EC0-301F-11D3-BF4B-00C04F79EFBC}") = "DeveloperForest.DAL", "DeveloperForest.DAL\DeveloperForest.DAL.csproj", "{6D0621CB-B3F8-4A34-B478-2259634CC26D}"
EndProject
Project("{FAE04EC0-301F-11D3-BF4B-00C04F79EFBC}") = "DeveloperForest.Model", "DeveloperForest.Model\DeveloperForest.Model.csproj", "{537D95D2-F6CD-48FE-B1E5-2F05B63D4F24}"
EndProject
Project("{FAE04EC0-301F-11D3-BF4B-00C04F79EFBC}") = "Front", "Front\Front.csproj", "{F459C101-3CED-4F71-BB92-734CE770F1D3}"
EndProject
Global
	GlobalSection(SolutionConfigurationPlatforms) = preSolution
		Debug|Any CPU = Debug|Any CPU
		Release|Any CPU = Release|Any CPU
	EndGlobalSection
	GlobalSection(ProjectConfigurationPlatforms) = postSolution
		{F8548C5B-7F76-4E64-93BD-AACE31770474}.Debug|Any CPU.ActiveCfg = Debug|Any CPU
		{F8548C5B-7F76-4E64-93BD-AACE31770474}.Debug|Any CPU.Build.0 = Debug|Any CPU
		{F8548C5B-7F76-4E64-93BD-AACE31770474}.Release|Any CPU.ActiveCfg = Release|Any CPU
		{F8548C5B-7F76-4E64-93BD-AACE31770474}.Release|Any CPU.Build.0 = Release|Any CPU
		{A8D6AB44-47B3-4F6F-8AE0-9264DEFDB774}.Debug|Any CPU.ActiveCfg = Debug|Any CPU
		{A8D6AB44-47B3-4F6F-8AE0-9264DEFDB774}.Debug|Any CPU.Build.0 = Debug|Any CPU
		{A8D6AB44-47B3-4F6F-8AE0-9264DEFDB774}.Release|Any CPU.ActiveCfg = Release|Any CPU
		{A8D6AB44-47B3-4F6F-8AE0-9264DEFDB774}.Release|Any CPU.Build.0 = Release|Any CPU
		{322D337F-AEC0-4C00-BC05-8FCA6A7AB69B}.Debug|Any CPU.ActiveCfg = Debug|Any CPU
		{322D337F-AEC0-4C00-BC05-8FCA6A7AB69B}.Debug|Any CPU.Build.0 = Debug|Any CPU
		{322D337F-AEC0-4C00-BC05-8FCA6A7AB69B}.Release|Any CPU.ActiveCfg = Release|Any CPU
		{322D337F-AEC0-4C00-BC05-8FCA6A7AB69B}.Release|Any CPU.Build.0 = Release|Any CPU
		{6D0621CB-B3F8-4A34-B478-2259634CC26D}.Debug|Any CPU.ActiveCfg = Debug|Any CPU
		{6D0621CB-B3F8-4A34-B478-2259634CC26D}.Debug|Any CPU.Build.0 = Debug|Any CPU
		{6D0621CB-B3F8-4A34-B478-2259634CC26D}.Release|Any CPU.ActiveCfg = Release|Any CPU
		{6D0621CB-B3F8-4A34-B478-2259634CC26D}.Release|Any CPU.Build.0 = Release|Any CPU
		{537D95D2-F6CD-48FE-B1E5-2F05B63D4F24}.Debug|Any CPU.ActiveCfg = Debug|Any CPU
		{537D95D2-F6CD-48FE-B1E5-2F05B63D4F24}.Debug|Any CPU.Build.0 = Debug|Any CPU
		{537D95D2-F6CD-48FE-B1E5-2F05B63D4F24}.Release|Any CPU.ActiveCfg = Release|Any CPU
		{537D95D2-F6CD-48FE-B1E5-2F05B63D4F24}.Release|Any CPU.Build.0 = Release|Any CPU
		{F459C101-3CED-4F71-BB92-734CE770F1D3}.Debug|Any CPU.ActiveCfg = Debug|Any CPU
		{F459C101-3CED-4F71-BB92-734CE770F1D3}.Debug|Any CPU.Build.0 = Debug|Any CPU
		{F459C101-3CED-4F71-BB92-734CE770F1D3}.Release|Any CPU.ActiveCfg = Release|Any CPU
		{F459C101-3CED-4F71-BB92-734CE770F1D3}.Release|Any CPU.Build.0 = Release|Any CPU
	EndGlobalSection
	GlobalSection(SolutionProperties) = preSolution
		HideSolutionNode = FALSE
	EndGlobalSection
EndGlobal
